
Microsoft Visual Studio Solution File, Format Version 12.00
# Visual Studio Version 17
VisualStudioVersion = 17.8.34525.116
MinimumVisualStudioVersion = 10.0.40219.1
Project("{FAE04EC0-301F-11D3-BF4B-00C04F79EFBC}") = "Bmi", "Bmi\Bmi.csproj", "{662863D2-B638-4532-B81E-D343CDF6C88B}"
EndProject
Global
	GlobalSection(SolutionConfigurationPlatforms) = preSolution
		Debug|Any CPU = Debug|Any CPU
		Release|Any CPU = Release|Any CPU
	EndGlobalSection
	GlobalSection(ProjectConfigurationPlatforms) = postSolution
		{662863D2-B638-4532-B81E-D343CDF6C88B}.Debug|Any CPU.ActiveCfg = Debug|Any CPU
		{662863D2-B638-4532-B81E-D343CDF6C88B}.Debug|Any CPU.Build.0 = Debug|Any CPU
		{662863D2-B638-4532-B81E-D343CDF6C88B}.Release|Any CPU.ActiveCfg = Release|Any CPU
		{662863D2-B638-4532-B81E-D343CDF6C88B}.Release|Any CPU.Build.0 = Release|Any CPU
	EndGlobalSection
	GlobalSection(SolutionProperties) = preSolution
		HideSolutionNode = FALSE
	EndGlobalSection
	GlobalSection(ExtensibilityGlobals) = postSolution
		SolutionGuid = {26C9B494-2022-4148-9EE7-B2304C1C51CF}
	EndGlobalSection
EndGlobal
