
Microsoft Visual Studio Solution File, Format Version 12.00
# Visual Studio Version 17
VisualStudioVersion = 17.8.34525.116
MinimumVisualStudioVersion = 10.0.40219.1
Project("{FAE04EC0-301F-11D3-BF4B-00C04F79EFBC}") = "StudentManager", "StudentManager\StudentManager.csproj", "{17AC52C8-2E5F-4523-9782-D1A892C7266C}"
EndProject
Global
	GlobalSection(SolutionConfigurationPlatforms) = preSolution
		Debug|Any CPU = Debug|Any CPU
		Release|Any CPU = Release|Any CPU
	EndGlobalSection
	GlobalSection(ProjectConfigurationPlatforms) = postSolution
		{17AC52C8-2E5F-4523-9782-D1A892C7266C}.Debug|Any CPU.ActiveCfg = Debug|Any CPU
		{17AC52C8-2E5F-4523-9782-D1A892C7266C}.Debug|Any CPU.Build.0 = Debug|Any CPU
		{17AC52C8-2E5F-4523-9782-D1A892C7266C}.Release|Any CPU.ActiveCfg = Release|Any CPU
		{17AC52C8-2E5F-4523-9782-D1A892C7266C}.Release|Any CPU.Build.0 = Release|Any CPU
	EndGlobalSection
	GlobalSection(SolutionProperties) = preSolution
		HideSolutionNode = FALSE
	EndGlobalSection
	GlobalSection(ExtensibilityGlobals) = postSolution
		SolutionGuid = {670F09DE-0644-454C-8FA6-CED166F213BE}
	EndGlobalSection
EndGlobal
