
Microsoft Visual Studio Solution File, Format Version 12.00
# Visual Studio Version 17
VisualStudioVersion = 17.8.34525.116
MinimumVisualStudioVersion = 10.0.40219.1
Project("{FAE04EC0-301F-11D3-BF4B-00C04F79EFBC}") = "Delegate", "Delegate\Delegate.csproj", "{D3E181BB-71CE-4448-AF84-5F3E5957829D}"
EndProject
Global
	GlobalSection(SolutionConfigurationPlatforms) = preSolution
		Debug|Any CPU = Debug|Any CPU
		Release|Any CPU = Release|Any CPU
	EndGlobalSection
	GlobalSection(ProjectConfigurationPlatforms) = postSolution
		{D3E181BB-71CE-4448-AF84-5F3E5957829D}.Debug|Any CPU.ActiveCfg = Debug|Any CPU
		{D3E181BB-71CE-4448-AF84-5F3E5957829D}.Debug|Any CPU.Build.0 = Debug|Any CPU
		{D3E181BB-71CE-4448-AF84-5F3E5957829D}.Release|Any CPU.ActiveCfg = Release|Any CPU
		{D3E181BB-71CE-4448-AF84-5F3E5957829D}.Release|Any CPU.Build.0 = Release|Any CPU
	EndGlobalSection
	GlobalSection(SolutionProperties) = preSolution
		HideSolutionNode = FALSE
	EndGlobalSection
	GlobalSection(ExtensibilityGlobals) = postSolution
		SolutionGuid = {B0AF10C2-2D4C-4B7E-A40B-2D5FFE436693}
	EndGlobalSection
EndGlobal
