
Microsoft Visual Studio Solution File, Format Version 12.00
# Visual Studio Version 17
VisualStudioVersion = 17.8.34525.116
MinimumVisualStudioVersion = 10.0.40219.1
Project("{9A19103F-16F7-4668-BE54-9A1E7A4F7556}") = "BookManagement_SangNguyenTan", "BookManagement_SangNguyenTan\BookManagement_SangNguyenTan.csproj", "{64BB1E23-6929-4B62-9F63-3027DB33DD45}"
EndProject
Project("{9A19103F-16F7-4668-BE54-9A1E7A4F7556}") = "Repositories", "Repositories\Repositories.csproj", "{2DFC67F9-3456-4665-8BDA-0E49F3723999}"
EndProject
Project("{9A19103F-16F7-4668-BE54-9A1E7A4F7556}") = "Services", "Services\Services.csproj", "{FAD7A397-C7E2-4EFE-B3D8-62F43FBA196D}"
EndProject
Project("{FAE04EC0-301F-11D3-BF4B-00C04F79EFBC}") = "TestManager", "TestManager\TestManager.csproj", "{EAFBFEF7-D3E9-46ED-B813-23560A91F584}"
EndProject
Global
	GlobalSection(SolutionConfigurationPlatforms) = preSolution
		Debug|Any CPU = Debug|Any CPU
		Release|Any CPU = Release|Any CPU
	EndGlobalSection
	GlobalSection(ProjectConfigurationPlatforms) = postSolution
		{64BB1E23-6929-4B62-9F63-3027DB33DD45}.Debug|Any CPU.ActiveCfg = Debug|Any CPU
		{64BB1E23-6929-4B62-9F63-3027DB33DD45}.Debug|Any CPU.Build.0 = Debug|Any CPU
		{64BB1E23-6929-4B62-9F63-3027DB33DD45}.Release|Any CPU.ActiveCfg = Release|Any CPU
		{64BB1E23-6929-4B62-9F63-3027DB33DD45}.Release|Any CPU.Build.0 = Release|Any CPU
		{2DFC67F9-3456-4665-8BDA-0E49F3723999}.Debug|Any CPU.ActiveCfg = Debug|Any CPU
		{2DFC67F9-3456-4665-8BDA-0E49F3723999}.Debug|Any CPU.Build.0 = Debug|Any CPU
		{2DFC67F9-3456-4665-8BDA-0E49F3723999}.Release|Any CPU.ActiveCfg = Release|Any CPU
		{2DFC67F9-3456-4665-8BDA-0E49F3723999}.Release|Any CPU.Build.0 = Release|Any CPU
		{FAD7A397-C7E2-4EFE-B3D8-62F43FBA196D}.Debug|Any CPU.ActiveCfg = Debug|Any CPU
		{FAD7A397-C7E2-4EFE-B3D8-62F43FBA196D}.Debug|Any CPU.Build.0 = Debug|Any CPU
		{FAD7A397-C7E2-4EFE-B3D8-62F43FBA196D}.Release|Any CPU.ActiveCfg = Release|Any CPU
		{FAD7A397-C7E2-4EFE-B3D8-62F43FBA196D}.Release|Any CPU.Build.0 = Release|Any CPU
		{EAFBFEF7-D3E9-46ED-B813-23560A91F584}.Debug|Any CPU.ActiveCfg = Debug|Any CPU
		{EAFBFEF7-D3E9-46ED-B813-23560A91F584}.Debug|Any CPU.Build.0 = Debug|Any CPU
		{EAFBFEF7-D3E9-46ED-B813-23560A91F584}.Release|Any CPU.ActiveCfg = Release|Any CPU
		{EAFBFEF7-D3E9-46ED-B813-23560A91F584}.Release|Any CPU.Build.0 = Release|Any CPU
	EndGlobalSection
	GlobalSection(SolutionProperties) = preSolution
		HideSolutionNode = FALSE
	EndGlobalSection
	GlobalSection(ExtensibilityGlobals) = postSolution
		SolutionGuid = {606FEFBA-566C-4564-AA97-69F27B204001}
	EndGlobalSection
EndGlobal
