
Microsoft Visual Studio Solution File, Format Version 12.00
# Visual Studio Version 17
VisualStudioVersion = 17.10.35027.167
MinimumVisualStudioVersion = 10.0.40219.1
Project("{FAE04EC0-301F-11D3-BF4B-00C04F79EFBC}") = "GUI_QuanLiSinhVien", "GUI_QuanLiSinhVien\GUI_QuanLiSinhVien.csproj", "{4A1F3EFE-6DBD-4E74-BC4F-1A5057D94F52}"
EndProject
Project("{FAE04EC0-301F-11D3-BF4B-00C04F79EFBC}") = "DAL_QuanLiSinhVien", "DAL_QuanLiSinhVien\DAL_QuanLiSinhVien.csproj", "{8D48C663-8E1F-4791-A07B-72402323E791}"
EndProject
Project("{FAE04EC0-301F-11D3-BF4B-00C04F79EFBC}") = "BLL_QuanLiSinhVien", "BLL_QuanLiSinhVien\BLL_QuanLiSinhVien.csproj", "{11E84705-A76A-456F-B764-C1457F988CE5}"
EndProject
Project("{FAE04EC0-301F-11D3-BF4B-00C04F79EFBC}") = "DTO_QuanLiSinhVien", "DTO_QuanLiSinhVien\DTO_QuanLiSinhVien.csproj", "{ED45E628-4A18-4E59-A3FC-05CEA303C1DF}"
EndProject
Global
	GlobalSection(SolutionConfigurationPlatforms) = preSolution
		Debug|Any CPU = Debug|Any CPU
		Release|Any CPU = Release|Any CPU
	EndGlobalSection
	GlobalSection(ProjectConfigurationPlatforms) = postSolution
		{4A1F3EFE-6DBD-4E74-BC4F-1A5057D94F52}.Debug|Any CPU.ActiveCfg = Debug|Any CPU
		{4A1F3EFE-6DBD-4E74-BC4F-1A5057D94F52}.Debug|Any CPU.Build.0 = Debug|Any CPU
		{4A1F3EFE-6DBD-4E74-BC4F-1A5057D94F52}.Release|Any CPU.ActiveCfg = Release|Any CPU
		{4A1F3EFE-6DBD-4E74-BC4F-1A5057D94F52}.Release|Any CPU.Build.0 = Release|Any CPU
		{8D48C663-8E1F-4791-A07B-72402323E791}.Debug|Any CPU.ActiveCfg = Debug|Any CPU
		{8D48C663-8E1F-4791-A07B-72402323E791}.Debug|Any CPU.Build.0 = Debug|Any CPU
		{8D48C663-8E1F-4791-A07B-72402323E791}.Release|Any CPU.ActiveCfg = Release|Any CPU
		{8D48C663-8E1F-4791-A07B-72402323E791}.Release|Any CPU.Build.0 = Release|Any CPU
		{11E84705-A76A-456F-B764-C1457F988CE5}.Debug|Any CPU.ActiveCfg = Debug|Any CPU
		{11E84705-A76A-456F-B764-C1457F988CE5}.Debug|Any CPU.Build.0 = Debug|Any CPU
		{11E84705-A76A-456F-B764-C1457F988CE5}.Release|Any CPU.ActiveCfg = Release|Any CPU
		{11E84705-A76A-456F-B764-C1457F988CE5}.Release|Any CPU.Build.0 = Release|Any CPU
		{ED45E628-4A18-4E59-A3FC-05CEA303C1DF}.Debug|Any CPU.ActiveCfg = Debug|Any CPU
		{ED45E628-4A18-4E59-A3FC-05CEA303C1DF}.Debug|Any CPU.Build.0 = Debug|Any CPU
		{ED45E628-4A18-4E59-A3FC-05CEA303C1DF}.Release|Any CPU.ActiveCfg = Release|Any CPU
		{ED45E628-4A18-4E59-A3FC-05CEA303C1DF}.Release|Any CPU.Build.0 = Release|Any CPU
	EndGlobalSection
	GlobalSection(SolutionProperties) = preSolution
		HideSolutionNode = FALSE
	EndGlobalSection
	GlobalSection(ExtensibilityGlobals) = postSolution
		SolutionGuid = {2302ED30-57BA-46D9-AC64-197F98D2508F}
	EndGlobalSection
EndGlobal
