
Microsoft Visual Studio Solution File, Format Version 12.00
# Visual Studio Version 17
VisualStudioVersion = 17.8.34511.84
MinimumVisualStudioVersion = 10.0.40219.1
Project("{9A19103F-16F7-4668-BE54-9A1E7A4F7556}") = "StudentManager", "StudentManager\StudentManager.csproj", "{EE9031F7-C13F-4186-90F6-9F307CC3BFEC}"
EndProject
Project("{FAE04EC0-301F-11D3-BF4B-00C04F79EFBC}") = "StudentManagerV2", "StudentManagerV2\StudentManagerV2.csproj", "{B36705CE-57B5-4E16-BAC3-89003121601D}"
EndProject
Global
	GlobalSection(SolutionConfigurationPlatforms) = preSolution
		Debug|Any CPU = Debug|Any CPU
		Release|Any CPU = Release|Any CPU
	EndGlobalSection
	GlobalSection(ProjectConfigurationPlatforms) = postSolution
		{EE9031F7-C13F-4186-90F6-9F307CC3BFEC}.Debug|Any CPU.ActiveCfg = Debug|Any CPU
		{EE9031F7-C13F-4186-90F6-9F307CC3BFEC}.Debug|Any CPU.Build.0 = Debug|Any CPU
		{EE9031F7-C13F-4186-90F6-9F307CC3BFEC}.Release|Any CPU.ActiveCfg = Release|Any CPU
		{EE9031F7-C13F-4186-90F6-9F307CC3BFEC}.Release|Any CPU.Build.0 = Release|Any CPU
		{B36705CE-57B5-4E16-BAC3-89003121601D}.Debug|Any CPU.ActiveCfg = Debug|Any CPU
		{B36705CE-57B5-4E16-BAC3-89003121601D}.Debug|Any CPU.Build.0 = Debug|Any CPU
		{B36705CE-57B5-4E16-BAC3-89003121601D}.Release|Any CPU.ActiveCfg = Release|Any CPU
		{B36705CE-57B5-4E16-BAC3-89003121601D}.Release|Any CPU.Build.0 = Release|Any CPU
	EndGlobalSection
	GlobalSection(SolutionProperties) = preSolution
		HideSolutionNode = FALSE
	EndGlobalSection
	GlobalSection(ExtensibilityGlobals) = postSolution
		SolutionGuid = {F111B8B0-0AFF-40B1-B222-67312F0A1CE8}
	EndGlobalSection
EndGlobal
